github.com/golang/crypto v0.0.0-20180910181607-0e37d006457b h1:YsI716C4CI4nHmflghh90e6xdTrQMz0IqmDZdqiIMOQ=
github.com/golang/crypto v0.0.0-20180910181607-0e37d006457b/go.mod h1:uZvAcrsnNaCxlh1HorK5dUQHGmEKPh2H/Rl1kehswPo=
github.com/golang/crypto v0.0.0-20190506204251-e1dfcc566284/go.mod h1:yigFU9vqHzYiE8UmvKecakEJjdnWj3jj499lnFckfCI=
github.com/golang/net v0.0.0-20190509222800-a4d6f7feada5/go.mod h1:t9HGtf8HONx5eT2rtn7q6eTqICYqUVnKs3thJo3Qplg=
github.com/golang/sync v0.0.0-20190423024810-112230192c58/go.mod h1:RxMgew5VJxzue5/jJTE5uejpjVlOe/izrB70Jof72aM=
github.com/golang/sys v0.0.0-20190509141414-a5b02f93d862/go.mod h1:h1NjWce9XRLGQEsW7wpKNCjG9DtNlClVuFLEZdDNbEs=
github.com/golang/text v0.3.2/go.mod h1:bEr9sfX3Q8Zfm5fL9x+3itogRgK3+ptLWKqgva+5dAk=
github.com/golang/tools v0.0.0-20190513233021-7d589f28aaf4/go.mod h1:RgjU9mgBXZiqYHBnxXauZ1Gv1EHHAz9KjViQ78xBX0Q=
golang.org/x/crypto v0.0.0-20180910181607-0e37d006457b h1:2b9XGzhjiYsYPnKXoEfL7klWZQIt8IfyRCz62gCqqlQ=
golang.org/x/crypto v0.0.0-20180910181607-0e37d006457b/go.mod h1:6SG95UA2DQfeDnfUPMdvaQW0Q7yPrPDi9nlGo2tz2b4=
